
Microsoft Visual Studio Solution File, Format Version 12.00
# Visual Studio Version 17
VisualStudioVersion = 17.8.34330.188
MinimumVisualStudioVersion = 10.0.40219.1
Project("{FAE04EC0-301F-11D3-BF4B-00C04F79EFBC}") = "Ders5Ödev", "Ders5Ödev.csproj", "{DA150AF5-C998-4F4E-BCEF-74ABFB512BCE}"
EndProject
Global
	GlobalSection(SolutionConfigurationPlatforms) = preSolution
		Debug|Any CPU = Debug|Any CPU
		Release|Any CPU = Release|Any CPU
	EndGlobalSection
	GlobalSection(ProjectConfigurationPlatforms) = postSolution
		{DA150AF5-C998-4F4E-BCEF-74ABFB512BCE}.Debug|Any CPU.ActiveCfg = Debug|Any CPU
		{DA150AF5-C998-4F4E-BCEF-74ABFB512BCE}.Debug|Any CPU.Build.0 = Debug|Any CPU
		{DA150AF5-C998-4F4E-BCEF-74ABFB512BCE}.Release|Any CPU.ActiveCfg = Release|Any CPU
		{DA150AF5-C998-4F4E-BCEF-74ABFB512BCE}.Release|Any CPU.Build.0 = Release|Any CPU
	EndGlobalSection
	GlobalSection(SolutionProperties) = preSolution
		HideSolutionNode = FALSE
	EndGlobalSection
	GlobalSection(ExtensibilityGlobals) = postSolution
		SolutionGuid = {542B7AD8-62C8-4183-ACA0-DC2E28B2A571}
	EndGlobalSection
EndGlobal
